
Microsoft Visual Studio Solution File, Format Version 12.00
# Visual Studio Version 17
VisualStudioVersion = 17.3.32929.385
MinimumVisualStudioVersion = 10.0.40219.1
Project("{FAE04EC0-301F-11D3-BF4B-00C04F79EFBC}") = "IterationStatements", "IterationStatements\IterationStatements.csproj", "{9E82CD62-94F8-4813-B496-967C65F53632}"
EndProject
Global
	GlobalSection(SolutionConfigurationPlatforms) = preSolution
		Debug|Any CPU = Debug|Any CPU
		Release|Any CPU = Release|Any CPU
	EndGlobalSection
	GlobalSection(ProjectConfigurationPlatforms) = postSolution
		{9E82CD62-94F8-4813-B496-967C65F53632}.Debug|Any CPU.ActiveCfg = Debug|Any CPU
		{9E82CD62-94F8-4813-B496-967C65F53632}.Debug|Any CPU.Build.0 = Debug|Any CPU
		{9E82CD62-94F8-4813-B496-967C65F53632}.Release|Any CPU.ActiveCfg = Release|Any CPU
		{9E82CD62-94F8-4813-B496-967C65F53632}.Release|Any CPU.Build.0 = Release|Any CPU
	EndGlobalSection
	GlobalSection(SolutionProperties) = preSolution
		HideSolutionNode = FALSE
	EndGlobalSection
	GlobalSection(ExtensibilityGlobals) = postSolution
		SolutionGuid = {DE6D3441-4D60-4F56-ADC0-E517B836393F}
	EndGlobalSection
EndGlobal
